<?xml version="1.0" encoding="utf-8"?>
<Project ToolsVersion="4.0" xmlns="http://schemas.microsoft.com/developer/msbuild/2003">
  <ItemGroup>
    <ClCompile Include="src\main.cpp">
      <Filter>src</Filter>
    </ClCompile>
    <ClCompile Include="src\main.cpp">
      <Filter>src</Filter>
    </ClCompile>
    <ClCompile Include="src\ofApp.cpp">
      <Filter>src</Filter>
    </ClCompile>
    <ClCompile Include="..\..\..\..\Desktop\of_v0.10.1_vs2017_release\of_v0.10.1_vs2017_release\addons\ofxGui\src\ofxBaseGui.cpp">
      <Filter>addons\ofxGui\src</Filter>
    </ClCompile>
    <ClCompile Include="..\..\..\..\Desktop\of_v0.10.1_vs2017_release\of_v0.10.1_vs2017_release\addons\ofxGui\src\ofxButton.cpp">
      <Filter>addons\ofxGui\src</Filter>
    </ClCompile>
    <ClCompile Include="..\..\..\..\Desktop\of_v0.10.1_vs2017_release\of_v0.10.1_vs2017_release\addons\ofxGui\src\ofxColorPicker.cpp">
      <Filter>addons\ofxGui\src</Filter>
    </ClCompile>
    <ClCompile Include="..\..\..\..\Desktop\of_v0.10.1_vs2017_release\of_v0.10.1_vs2017_release\addons\ofxGui\src\ofxGuiGroup.cpp">
      <Filter>addons\ofxGui\src</Filter>
    </ClCompile>
    <ClCompile Include="..\..\..\..\Desktop\of_v0.10.1_vs2017_release\of_v0.10.1_vs2017_release\addons\ofxGui\src\ofxInputField.cpp">
      <Filter>addons\ofxGui\src</Filter>
    </ClCompile>
    <ClCompile Include="..\..\..\..\Desktop\of_v0.10.1_vs2017_release\of_v0.10.1_vs2017_release\addons\ofxGui\src\ofxLabel.cpp">
      <Filter>addons\ofxGui\src</Filter>
    </ClCompile>
    <ClCompile Include="..\..\..\..\Desktop\of_v0.10.1_vs2017_release\of_v0.10.1_vs2017_release\addons\ofxGui\src\ofxPanel.cpp">
      <Filter>addons\ofxGui\src</Filter>
    </ClCompile>
    <ClCompile Include="..\..\..\..\Desktop\of_v0.10.1_vs2017_release\of_v0.10.1_vs2017_release\addons\ofxGui\src\ofxSlider.cpp">
      <Filter>addons\ofxGui\src</Filter>
    </ClCompile>
    <ClCompile Include="..\..\..\..\Desktop\of_v0.10.1_vs2017_release\of_v0.10.1_vs2017_release\addons\ofxGui\src\ofxSliderGroup.cpp">
      <Filter>addons\ofxGui\src</Filter>
    </ClCompile>
    <ClCompile Include="..\..\..\..\Desktop\of_v0.10.1_vs2017_release\of_v0.10.1_vs2017_release\addons\ofxGui\src\ofxToggle.cpp">
      <Filter>addons\ofxGui\src</Filter>
    </ClCompile>
    <ClCompile Include="..\..\..\..\Desktop\of_v0.10.1_vs2017_release\of_v0.10.1_vs2017_release\addons\ofxImGui\src\BaseEngine.cpp">
      <Filter>addons\ofxImGui\src</Filter>
    </ClCompile>
    <ClCompile Include="..\..\..\..\Desktop\of_v0.10.1_vs2017_release\of_v0.10.1_vs2017_release\addons\ofxImGui\src\DefaultTheme.cpp">
      <Filter>addons\ofxImGui\src</Filter>
    </ClCompile>
    <ClCompile Include="..\..\..\..\Desktop\of_v0.10.1_vs2017_release\of_v0.10.1_vs2017_release\addons\ofxImGui\src\EngineGLFW.cpp">
      <Filter>addons\ofxImGui\src</Filter>
    </ClCompile>
    <ClCompile Include="..\..\..\..\Desktop\of_v0.10.1_vs2017_release\of_v0.10.1_vs2017_release\addons\ofxImGui\src\EngineOpenGLES.cpp">
      <Filter>addons\ofxImGui\src</Filter>
    </ClCompile>
    <ClCompile Include="..\..\..\..\Desktop\of_v0.10.1_vs2017_release\of_v0.10.1_vs2017_release\addons\ofxImGui\src\EngineVk.cpp">
      <Filter>addons\ofxImGui\src</Filter>
    </ClCompile>
    <ClCompile Include="..\..\..\..\Desktop\of_v0.10.1_vs2017_release\of_v0.10.1_vs2017_release\addons\ofxImGui\src\Gui.cpp">
      <Filter>addons\ofxImGui\src</Filter>
    </ClCompile>
    <ClCompile Include="..\..\..\..\Desktop\of_v0.10.1_vs2017_release\of_v0.10.1_vs2017_release\addons\ofxImGui\src\Helpers.cpp">
      <Filter>addons\ofxImGui\src</Filter>
    </ClCompile>
    <ClCompile Include="..\..\..\..\Desktop\of_v0.10.1_vs2017_release\of_v0.10.1_vs2017_release\addons\ofxImGui\src\ofxImGuiLoggerChannel.cpp">
      <Filter>addons\ofxImGui\src</Filter>
    </ClCompile>
    <ClCompile Include="..\..\..\..\Desktop\of_v0.10.1_vs2017_release\of_v0.10.1_vs2017_release\addons\ofxImGui\libs\imgui\src\imgui.cpp">
      <Filter>addons\ofxImGui\libs\imgui\src</Filter>
    </ClCompile>
    <ClCompile Include="..\..\..\..\Desktop\of_v0.10.1_vs2017_release\of_v0.10.1_vs2017_release\addons\ofxImGui\libs\imgui\src\imgui_demo.cpp">
      <Filter>addons\ofxImGui\libs\imgui\src</Filter>
    </ClCompile>
    <ClCompile Include="..\..\..\..\Desktop\of_v0.10.1_vs2017_release\of_v0.10.1_vs2017_release\addons\ofxImGui\libs\imgui\src\imgui_draw.cpp">
      <Filter>addons\ofxImGui\libs\imgui\src</Filter>
    </ClCompile>
    <ClCompile Include="..\..\..\..\Desktop\of_v0.10.1_vs2017_release\of_v0.10.1_vs2017_release\addons\ofxImGui\libs\imgui\src\imgui_widgets.cpp">
      <Filter>addons\ofxImGui\libs\imgui\src</Filter>
    </ClCompile>
    <ClCompile Include="src\visualizer\Visualizer.cpp">
      <Filter>src\visualizer</Filter>
    </ClCompile>
    <ClCompile Include="tests\main.cpp">
      <Filter>tests</Filter>
    </ClCompile>
    <ClCompile Include="src\gui\PianoRoll.cpp">
      <Filter>src\gui</Filter>
    </ClCompile>
    <ClCompile Include="tests\SoundLoaderTest.cpp">
      <Filter>tests</Filter>
    </ClCompile>
    <ClCompile Include="src\music\Beat.cpp">
      <Filter>src\music</Filter>
    </ClCompile>
    <ClCompile Include="src\music\Measure.cpp">
      <Filter>src\music</Filter>
    </ClCompile>
    <ClCompile Include="src\music\Score.cpp">
      <Filter>src\music</Filter>
    </ClCompile>
    <ClCompile Include="src\music\SoundLoader.cpp">
      <Filter>src\music</Filter>
    </ClCompile>
    <ClCompile Include="src\ofApp.cpp">
      <Filter>src</Filter>
    </ClCompile>
    <ClCompile Include="src\gui\NoteButton.cpp">
      <Filter>src\gui</Filter>
    </ClCompile>
    <ClCompile Include="src\gui\MainMenuBar.cpp">
      <Filter>src\gui</Filter>
    </ClCompile>
    <ClCompile Include="src\gui\Composer.cpp">
      <Filter>src\gui</Filter>
    </ClCompile>
    <ClCompile Include="src\gui\GuiDrawer.cpp">
      <Filter>src\gui</Filter>
    </ClCompile>
    <ClCompile Include="src\gui\MeasureButton.cpp">
      <Filter>src\gui</Filter>
    </ClCompile>
    <ClCompile Include="src\music\PlaybackEngine.cpp">
      <Filter>src\music</Filter>
    </ClCompile>
    <ClCompile Include="src\music\Instrument.cpp">
      <Filter>src\music</Filter>
    </ClCompile>
    <ClCompile Include="tests\InstrumentTest.cpp">
      <Filter>tests</Filter>
    </ClCompile>
    <ClCompile Include="tests\BeatTest.cpp">
      <Filter>tests</Filter>
    </ClCompile>
    <ClCompile Include="src\gui\Grid.cpp">
      <Filter>src\gui</Filter>
    </ClCompile>
    <ClCompile Include="src\UserSession.cpp">
      <Filter>src</Filter>
    </ClCompile>
    <ClCompile Include="src\gui\InstrumentButton.cpp">
      <Filter>src\gui</Filter>
    </ClCompile>
    <ClCompile Include="src\music\MeasurePlayer.cpp">
      <Filter>src\music</Filter>
    </ClCompile>
  </ItemGroup>
  <ItemGroup>
    <Filter Include="src">
      <UniqueIdentifier>{d8376475-7454-4a24-b08a-aac121d3ad6f}</UniqueIdentifier>
    </Filter>
    <Filter Include="src\gui">
      <UniqueIdentifier>{A7F2D870-EEB9-68A7-0DA0-CEB2}</UniqueIdentifier>
    </Filter>
    <Filter Include="addons">
      <UniqueIdentifier>{71834F65-F3A9-211E-73B8-DC85}</UniqueIdentifier>
    </Filter>
    <Filter Include="addons\ofxGui">
      <UniqueIdentifier>{4F2A59AF-5F4E-704B-D067-EC13}</UniqueIdentifier>
    </Filter>
    <Filter Include="addons\ofxGui\src">
      <UniqueIdentifier>{645E9533-4DCD-6179-1CDF-CB65}</UniqueIdentifier>
    </Filter>
    <Filter Include="addons\ofxImGui">
      <UniqueIdentifier>{0CD6A942-69FF-3BAA-3AF1-ADD1}</UniqueIdentifier>
    </Filter>
    <Filter Include="addons\ofxImGui\src">
      <UniqueIdentifier>{18028A43-13D3-1DD5-471A-BE87}</UniqueIdentifier>
    </Filter>
    <Filter Include="addons\ofxImGui\libs">
      <UniqueIdentifier>{BE2F957E-7DA7-055C-DC70-3070}</UniqueIdentifier>
    </Filter>
    <Filter Include="addons\ofxImGui\libs\imgui">
      <UniqueIdentifier>{296AD70B-2F2E-1462-9E7C-6030}</UniqueIdentifier>
    </Filter>
    <Filter Include="addons\ofxImGui\libs\imgui\src">
      <UniqueIdentifier>{5962BF19-1468-EB82-01C0-2E72}</UniqueIdentifier>
    </Filter>
    <Filter Include="addons\ofxUnitTests">
      <UniqueIdentifier>{99AF7102-9423-91D4-8CD7-6602}</UniqueIdentifier>
    </Filter>
    <Filter Include="addons\ofxUnitTests\src">
      <UniqueIdentifier>{6DB6A1EA-29BB-7859-928B-898A}</UniqueIdentifier>
    </Filter>
    <Filter Include="src\visualizer">
      <UniqueIdentifier>{2e388505-b550-447d-b611-52460838e7fa}</UniqueIdentifier>
    </Filter>
    <Filter Include="tests">
      <UniqueIdentifier>{3a083d9c-0f65-4a8b-9d05-05e0856e5aed}</UniqueIdentifier>
    </Filter>
    <Filter Include="src\music">
      <UniqueIdentifier>{b779927a-1a39-418d-998c-ebe37e4a1b98}</UniqueIdentifier>
    </Filter>
    <Filter Include="resources">
      <UniqueIdentifier>{9e43ed88-ea90-4df0-b251-277b54d9bc83}</UniqueIdentifier>
    </Filter>
    <Filter Include="resources\metronome">
      <UniqueIdentifier>{0793aef2-64a2-4ad2-9f73-d11cd006ad96}</UniqueIdentifier>
    </Filter>
    <Filter Include="test_resources">
      <UniqueIdentifier>{40dc1607-cb92-4a68-afdc-680af95eaf55}</UniqueIdentifier>
    </Filter>
    <Filter Include="test_resources\metronome">
      <UniqueIdentifier>{6ac5d612-8f09-4bfc-90fa-99d5bf2971f9}</UniqueIdentifier>
    </Filter>
    <Filter Include="src\shaders">
      <UniqueIdentifier>{59aee5b5-ca7f-4c74-b268-2d255dfe2f94}</UniqueIdentifier>
    </Filter>
    <Filter Include="src\shaders\test_shader">
      <UniqueIdentifier>{5be65466-fabd-4a39-a851-6d0d274db164}</UniqueIdentifier>
    </Filter>
    <Filter Include="src\live">
      <UniqueIdentifier>{cd037849-5f8c-4d53-87ed-8dddfb981a60}</UniqueIdentifier>
    </Filter>
  </ItemGroup>
  <ItemGroup>
    <ClInclude Include="src\ofApp.h">
      <Filter>src</Filter>
    </ClInclude>
    <ClInclude Include="..\..\..\..\Desktop\of_v0.10.1_vs2017_release\of_v0.10.1_vs2017_release\addons\ofxGui\src\ofxBaseGui.h">
      <Filter>addons\ofxGui\src</Filter>
    </ClInclude>
    <ClInclude Include="..\..\..\..\Desktop\of_v0.10.1_vs2017_release\of_v0.10.1_vs2017_release\addons\ofxGui\src\ofxButton.h">
      <Filter>addons\ofxGui\src</Filter>
    </ClInclude>
    <ClInclude Include="..\..\..\..\Desktop\of_v0.10.1_vs2017_release\of_v0.10.1_vs2017_release\addons\ofxGui\src\ofxColorPicker.h">
      <Filter>addons\ofxGui\src</Filter>
    </ClInclude>
    <ClInclude Include="..\..\..\..\Desktop\of_v0.10.1_vs2017_release\of_v0.10.1_vs2017_release\addons\ofxGui\src\ofxGui.h">
      <Filter>addons\ofxGui\src</Filter>
    </ClInclude>
    <ClInclude Include="..\..\..\..\Desktop\of_v0.10.1_vs2017_release\of_v0.10.1_vs2017_release\addons\ofxGui\src\ofxGuiGroup.h">
      <Filter>addons\ofxGui\src</Filter>
    </ClInclude>
    <ClInclude Include="..\..\..\..\Desktop\of_v0.10.1_vs2017_release\of_v0.10.1_vs2017_release\addons\ofxGui\src\ofxInputField.h">
      <Filter>addons\ofxGui\src</Filter>
    </ClInclude>
    <ClInclude Include="..\..\..\..\Desktop\of_v0.10.1_vs2017_release\of_v0.10.1_vs2017_release\addons\ofxGui\src\ofxLabel.h">
      <Filter>addons\ofxGui\src</Filter>
    </ClInclude>
    <ClInclude Include="..\..\..\..\Desktop\of_v0.10.1_vs2017_release\of_v0.10.1_vs2017_release\addons\ofxGui\src\ofxPanel.h">
      <Filter>addons\ofxGui\src</Filter>
    </ClInclude>
    <ClInclude Include="..\..\..\..\Desktop\of_v0.10.1_vs2017_release\of_v0.10.1_vs2017_release\addons\ofxGui\src\ofxSlider.h">
      <Filter>addons\ofxGui\src</Filter>
    </ClInclude>
    <ClInclude Include="..\..\..\..\Desktop\of_v0.10.1_vs2017_release\of_v0.10.1_vs2017_release\addons\ofxGui\src\ofxSliderGroup.h">
      <Filter>addons\ofxGui\src</Filter>
    </ClInclude>
    <ClInclude Include="..\..\..\..\Desktop\of_v0.10.1_vs2017_release\of_v0.10.1_vs2017_release\addons\ofxGui\src\ofxToggle.h">
      <Filter>addons\ofxGui\src</Filter>
    </ClInclude>
    <ClInclude Include="..\..\..\..\Desktop\of_v0.10.1_vs2017_release\of_v0.10.1_vs2017_release\addons\ofxImGui\src\BaseEngine.h">
      <Filter>addons\ofxImGui\src</Filter>
    </ClInclude>
    <ClInclude Include="..\..\..\..\Desktop\of_v0.10.1_vs2017_release\of_v0.10.1_vs2017_release\addons\ofxImGui\src\BaseTheme.h">
      <Filter>addons\ofxImGui\src</Filter>
    </ClInclude>
    <ClInclude Include="..\..\..\..\Desktop\of_v0.10.1_vs2017_release\of_v0.10.1_vs2017_release\addons\ofxImGui\src\DefaultTheme.h">
      <Filter>addons\ofxImGui\src</Filter>
    </ClInclude>
    <ClInclude Include="..\..\..\..\Desktop\of_v0.10.1_vs2017_release\of_v0.10.1_vs2017_release\addons\ofxImGui\src\EngineGLFW.h">
      <Filter>addons\ofxImGui\src</Filter>
    </ClInclude>
    <ClInclude Include="..\..\..\..\Desktop\of_v0.10.1_vs2017_release\of_v0.10.1_vs2017_release\addons\ofxImGui\src\EngineOpenGLES.h">
      <Filter>addons\ofxImGui\src</Filter>
    </ClInclude>
    <ClInclude Include="..\..\..\..\Desktop\of_v0.10.1_vs2017_release\of_v0.10.1_vs2017_release\addons\ofxImGui\src\EngineVk.h">
      <Filter>addons\ofxImGui\src</Filter>
    </ClInclude>
    <ClInclude Include="..\..\..\..\Desktop\of_v0.10.1_vs2017_release\of_v0.10.1_vs2017_release\addons\ofxImGui\src\Gui.h">
      <Filter>addons\ofxImGui\src</Filter>
    </ClInclude>
    <ClInclude Include="..\..\..\..\Desktop\of_v0.10.1_vs2017_release\of_v0.10.1_vs2017_release\addons\ofxImGui\src\Helpers.h">
      <Filter>addons\ofxImGui\src</Filter>
    </ClInclude>
    <ClInclude Include="..\..\..\..\Desktop\of_v0.10.1_vs2017_release\of_v0.10.1_vs2017_release\addons\ofxImGui\src\imconfig.h">
      <Filter>addons\ofxImGui\src</Filter>
    </ClInclude>
    <ClInclude Include="..\..\..\..\Desktop\of_v0.10.1_vs2017_release\of_v0.10.1_vs2017_release\addons\ofxImGui\src\ofxImGui.h">
      <Filter>addons\ofxImGui\src</Filter>
    </ClInclude>
    <ClInclude Include="..\..\..\..\Desktop\of_v0.10.1_vs2017_release\of_v0.10.1_vs2017_release\addons\ofxImGui\src\ofxImGuiLoggerChannel.h">
      <Filter>addons\ofxImGui\src</Filter>
    </ClInclude>
    <ClInclude Include="..\..\..\..\Desktop\of_v0.10.1_vs2017_release\of_v0.10.1_vs2017_release\addons\ofxImGui\libs\imgui\src\imgui.h">
      <Filter>addons\ofxImGui\libs\imgui\src</Filter>
    </ClInclude>
    <ClInclude Include="..\..\..\..\Desktop\of_v0.10.1_vs2017_release\of_v0.10.1_vs2017_release\addons\ofxImGui\libs\imgui\src\imgui_internal.h">
      <Filter>addons\ofxImGui\libs\imgui\src</Filter>
    </ClInclude>
    <ClInclude Include="..\..\..\..\Desktop\of_v0.10.1_vs2017_release\of_v0.10.1_vs2017_release\addons\ofxImGui\libs\imgui\src\imstb_rectpack.h">
      <Filter>addons\ofxImGui\libs\imgui\src</Filter>
    </ClInclude>
    <ClInclude Include="..\..\..\..\Desktop\of_v0.10.1_vs2017_release\of_v0.10.1_vs2017_release\addons\ofxImGui\libs\imgui\src\imstb_textedit.h">
      <Filter>addons\ofxImGui\libs\imgui\src</Filter>
    </ClInclude>
    <ClInclude Include="..\..\..\..\Desktop\of_v0.10.1_vs2017_release\of_v0.10.1_vs2017_release\addons\ofxImGui\libs\imgui\src\imstb_truetype.h">
      <Filter>addons\ofxImGui\libs\imgui\src</Filter>
    </ClInclude>
    <ClInclude Include="..\..\..\..\Desktop\of_v0.10.1_vs2017_release\of_v0.10.1_vs2017_release\addons\ofxUnitTests\src\ofxUnitTests.h">
      <Filter>addons\ofxUnitTests\src</Filter>
    </ClInclude>
    <ClInclude Include="src\visualizer\Visualizer.h">
      <Filter>src\visualizer</Filter>
    </ClInclude>
    <ClInclude Include="src\gui\PianoRoll.h">
      <Filter>src\gui</Filter>
    </ClInclude>
    <ClInclude Include="src\music\Beat.h">
      <Filter>src\music</Filter>
    </ClInclude>
    <ClInclude Include="src\music\Measure.h">
      <Filter>src\music</Filter>
    </ClInclude>
    <ClInclude Include="src\music\Note.h">
      <Filter>src\music</Filter>
    </ClInclude>
    <ClInclude Include="src\music\Score.h">
      <Filter>src\music</Filter>
    </ClInclude>
    <ClInclude Include="src\music\SoundLoader.h">
      <Filter>src\music</Filter>
    </ClInclude>
    <ClInclude Include="src\ofApp.h">
      <Filter>src</Filter>
    </ClInclude>
    <ClInclude Include="src\gui\NoteButton.h">
      <Filter>src\gui</Filter>
    </ClInclude>
    <ClInclude Include="src\gui\MainMenuBar.h">
      <Filter>src\gui</Filter>
    </ClInclude>
    <ClInclude Include="src\gui\Composer.h">
      <Filter>src\gui</Filter>
    </ClInclude>
    <ClInclude Include="src\gui\GuiDrawer.h">
      <Filter>src\gui</Filter>
    </ClInclude>
    <ClInclude Include="src\gui\GuiWindow.h">
      <Filter>src\gui</Filter>
    </ClInclude>
    <ClInclude Include="src\gui\Canvas.h">
      <Filter>src\gui</Filter>
    </ClInclude>
    <ClInclude Include="src\gui\MeasureButton.h">
      <Filter>src\gui</Filter>
    </ClInclude>
    <ClInclude Include="src\music\PlaybackEngine.h">
      <Filter>src\music</Filter>
    </ClInclude>
    <ClInclude Include="src\music\Instrument.h">
      <Filter>src\music</Filter>
    </ClInclude>
    <ClInclude Include="src\gui\Grid.h">
      <Filter>src\gui</Filter>
    </ClInclude>
    <ClInclude Include="src\UserSession.h">
      <Filter>src</Filter>
    </ClInclude>
    <ClInclude Include="src\gui\InstrumentButton.h">
      <Filter>src\gui</Filter>
    </ClInclude>
    <ClInclude Include="src\music\MeasurePlayer.h">
      <Filter>src\music</Filter>
    </ClInclude>
  </ItemGroup>
  <ItemGroup>
    <ResourceCompile Include="icon.rc" />
  </ItemGroup>
  <ItemGroup>
    <None Include="DEVELOPMENT.md" />
    <None Include="PROPOSAL.md" />
    <None Include="tests.runsettings" />
    <None Include="resources\metronome\Metronome.wav.asd">
      <Filter>resources\metronome</Filter>
    </None>
    <None Include="resources\metronome\MetronomeUp.wav.asd">
      <Filter>resources\metronome</Filter>
    </None>
    <None Include="test_resources\metronome\Metronome.wav.asd">
      <Filter>test_resources\metronome</Filter>
    </None>
    <None Include="test_resources\metronome\MetronomeUp.wav.asd">
      <Filter>test_resources\metronome</Filter>
    </None>
    <None Include="test_resources\metronome\SOUND_MAP.json">
      <Filter>test_resources\metronome</Filter>
    </None>
    <None Include="src\shaders\test_shader\test_shader.frag">
      <Filter>src\shaders\test_shader</Filter>
    </None>
    <None Include="src\shaders\test_shader\test_shader.vert">
      <Filter>src\shaders\test_shader</Filter>
    </None>
  </ItemGroup>
  <ItemGroup>
    <Media Include="resources\broccoli.mp3">
      <Filter>resources</Filter>
    </Media>
    <Media Include="resources\surface.mp3">
      <Filter>resources</Filter>
    </Media>
    <Media Include="resources\waves.mp3">
      <Filter>resources</Filter>
    </Media>
    <Media Include="resources\metronome\Metronome.wav">
      <Filter>resources\metronome</Filter>
    </Media>
    <Media Include="resources\metronome\MetronomeUp.wav">
      <Filter>resources\metronome</Filter>
    </Media>
    <Media Include="test_resources\metronome\Metronome.wav">
      <Filter>test_resources\metronome</Filter>
    </Media>
    <Media Include="test_resources\metronome\MetronomeUp.wav">
      <Filter>test_resources\metronome</Filter>
    </Media>
  </ItemGroup>
  <ItemGroup>
    <Text Include="resources\metronome\CREDIT.txt.txt">
      <Filter>resources\metronome</Filter>
    </Text>
    <Text Include="test_resources\metronome\CREDIT.txt.txt">
      <Filter>test_resources\metronome</Filter>
    </Text>
  </ItemGroup>
</Project>